
Microsoft Visual Studio Solution File, Format Version 12.00
# Visual Studio Version 17
VisualStudioVersion = 17.14.36327.8 d17.14
MinimumVisualStudioVersion = 10.0.40219.1
Project("{F2A71F9B-5D33-465A-A702-920D77279786}") = "wimaw", "wimaw\wimaw.fsproj", "{B1254560-B5EF-437D-85F8-59FD2843D3D2}"
EndProject
Global
	GlobalSection(SolutionConfigurationPlatforms) = preSolution
		Debug|Any CPU = Debug|Any CPU
		Release|Any CPU = Release|Any CPU
	EndGlobalSection
	GlobalSection(ProjectConfigurationPlatforms) = postSolution
		{B1254560-B5EF-437D-85F8-59FD2843D3D2}.Debug|Any CPU.ActiveCfg = Debug|Any CPU
		{B1254560-B5EF-437D-85F8-59FD2843D3D2}.Debug|Any CPU.Build.0 = Debug|Any CPU
		{B1254560-B5EF-437D-85F8-59FD2843D3D2}.Release|Any CPU.ActiveCfg = Release|Any CPU
		{B1254560-B5EF-437D-85F8-59FD2843D3D2}.Release|Any CPU.Build.0 = Release|Any CPU
	EndGlobalSection
	GlobalSection(SolutionProperties) = preSolution
		HideSolutionNode = FALSE
	EndGlobalSection
	GlobalSection(ExtensibilityGlobals) = postSolution
		SolutionGuid = {4ED11AE7-8F35-4F33-B85A-C483ED6DC41A}
	EndGlobalSection
EndGlobal
